
Microsoft Visual Studio Solution File, Format Version 12.00
# Visual Studio Version 17
VisualStudioVersion = 17.3.32811.315
MinimumVisualStudioVersion = 10.0.40219.1
Project("{9A19103F-16F7-4668-BE54-9A1E7A4F7556}") = "5.01", "Inlämnsingsuppgifter-Array\5.01.csproj", "{311C877D-EDAD-48C7-AF57-6F1E4DDBA562}"
EndProject
Project("{9A19103F-16F7-4668-BE54-9A1E7A4F7556}") = "5.02", "5.02\5.02.csproj", "{EC6FA501-9D0D-44B3-8EF9-D876F0CA1F8F}"
EndProject
Project("{9A19103F-16F7-4668-BE54-9A1E7A4F7556}") = "5.03", "5.03\5.03.csproj", "{971A85A6-DA6C-42B5-82A6-F5D5F3A046D6}"
EndProject
Project("{9A19103F-16F7-4668-BE54-9A1E7A4F7556}") = "5.04", "5.04\5.04.csproj", "{B85C4B76-EFA8-4591-B3FC-B1C5A0442BE1}"
EndProject
Project("{9A19103F-16F7-4668-BE54-9A1E7A4F7556}") = "5.05", "5.05\5.05.csproj", "{3D489AFA-EC34-4340-B564-B1B4B22B3CAD}"
EndProject
Project("{9A19103F-16F7-4668-BE54-9A1E7A4F7556}") = "5.06", "5.06\5.06.csproj", "{4CA1A76B-6249-4ADD-895F-319AA4792FC6}"
EndProject
Project("{9A19103F-16F7-4668-BE54-9A1E7A4F7556}") = "5.07", "5.07\5.07.csproj", "{29D014E7-C7D3-4CE9-9830-8BD02DDC549A}"
EndProject
Project("{FAE04EC0-301F-11D3-BF4B-00C04F79EFBC}") = "5.08", "5.08\5.08.csproj", "{5A49DC87-2E10-436F-8B4E-FCAB52CC24D0}"
EndProject
Project("{FAE04EC0-301F-11D3-BF4B-00C04F79EFBC}") = "5.09", "5.09\5.09.csproj", "{C24CF193-0983-4917-A722-D6ACF8CD6527}"
EndProject
Project("{FAE04EC0-301F-11D3-BF4B-00C04F79EFBC}") = "5.10", "5.10\5.10.csproj", "{FB5A3F0C-586B-457C-8C1C-9B54D25E0214}"
EndProject
Global
	GlobalSection(SolutionConfigurationPlatforms) = preSolution
		Debug|Any CPU = Debug|Any CPU
		Release|Any CPU = Release|Any CPU
	EndGlobalSection
	GlobalSection(ProjectConfigurationPlatforms) = postSolution
		{311C877D-EDAD-48C7-AF57-6F1E4DDBA562}.Debug|Any CPU.ActiveCfg = Debug|Any CPU
		{311C877D-EDAD-48C7-AF57-6F1E4DDBA562}.Debug|Any CPU.Build.0 = Debug|Any CPU
		{311C877D-EDAD-48C7-AF57-6F1E4DDBA562}.Release|Any CPU.ActiveCfg = Release|Any CPU
		{311C877D-EDAD-48C7-AF57-6F1E4DDBA562}.Release|Any CPU.Build.0 = Release|Any CPU
		{EC6FA501-9D0D-44B3-8EF9-D876F0CA1F8F}.Debug|Any CPU.ActiveCfg = Debug|Any CPU
		{EC6FA501-9D0D-44B3-8EF9-D876F0CA1F8F}.Debug|Any CPU.Build.0 = Debug|Any CPU
		{EC6FA501-9D0D-44B3-8EF9-D876F0CA1F8F}.Release|Any CPU.ActiveCfg = Release|Any CPU
		{EC6FA501-9D0D-44B3-8EF9-D876F0CA1F8F}.Release|Any CPU.Build.0 = Release|Any CPU
		{971A85A6-DA6C-42B5-82A6-F5D5F3A046D6}.Debug|Any CPU.ActiveCfg = Debug|Any CPU
		{971A85A6-DA6C-42B5-82A6-F5D5F3A046D6}.Debug|Any CPU.Build.0 = Debug|Any CPU
		{971A85A6-DA6C-42B5-82A6-F5D5F3A046D6}.Release|Any CPU.ActiveCfg = Release|Any CPU
		{971A85A6-DA6C-42B5-82A6-F5D5F3A046D6}.Release|Any CPU.Build.0 = Release|Any CPU
		{B85C4B76-EFA8-4591-B3FC-B1C5A0442BE1}.Debug|Any CPU.ActiveCfg = Debug|Any CPU
		{B85C4B76-EFA8-4591-B3FC-B1C5A0442BE1}.Debug|Any CPU.Build.0 = Debug|Any CPU
		{B85C4B76-EFA8-4591-B3FC-B1C5A0442BE1}.Release|Any CPU.ActiveCfg = Release|Any CPU
		{B85C4B76-EFA8-4591-B3FC-B1C5A0442BE1}.Release|Any CPU.Build.0 = Release|Any CPU
		{3D489AFA-EC34-4340-B564-B1B4B22B3CAD}.Debug|Any CPU.ActiveCfg = Debug|Any CPU
		{3D489AFA-EC34-4340-B564-B1B4B22B3CAD}.Debug|Any CPU.Build.0 = Debug|Any CPU
		{3D489AFA-EC34-4340-B564-B1B4B22B3CAD}.Release|Any CPU.ActiveCfg = Release|Any CPU
		{3D489AFA-EC34-4340-B564-B1B4B22B3CAD}.Release|Any CPU.Build.0 = Release|Any CPU
		{4CA1A76B-6249-4ADD-895F-319AA4792FC6}.Debug|Any CPU.ActiveCfg = Debug|Any CPU
		{4CA1A76B-6249-4ADD-895F-319AA4792FC6}.Debug|Any CPU.Build.0 = Debug|Any CPU
		{4CA1A76B-6249-4ADD-895F-319AA4792FC6}.Release|Any CPU.ActiveCfg = Release|Any CPU
		{4CA1A76B-6249-4ADD-895F-319AA4792FC6}.Release|Any CPU.Build.0 = Release|Any CPU
		{29D014E7-C7D3-4CE9-9830-8BD02DDC549A}.Debug|Any CPU.ActiveCfg = Debug|Any CPU
		{29D014E7-C7D3-4CE9-9830-8BD02DDC549A}.Debug|Any CPU.Build.0 = Debug|Any CPU
		{29D014E7-C7D3-4CE9-9830-8BD02DDC549A}.Release|Any CPU.ActiveCfg = Release|Any CPU
		{29D014E7-C7D3-4CE9-9830-8BD02DDC549A}.Release|Any CPU.Build.0 = Release|Any CPU
		{5A49DC87-2E10-436F-8B4E-FCAB52CC24D0}.Debug|Any CPU.ActiveCfg = Debug|Any CPU
		{5A49DC87-2E10-436F-8B4E-FCAB52CC24D0}.Debug|Any CPU.Build.0 = Debug|Any CPU
		{5A49DC87-2E10-436F-8B4E-FCAB52CC24D0}.Release|Any CPU.ActiveCfg = Release|Any CPU
		{5A49DC87-2E10-436F-8B4E-FCAB52CC24D0}.Release|Any CPU.Build.0 = Release|Any CPU
		{C24CF193-0983-4917-A722-D6ACF8CD6527}.Debug|Any CPU.ActiveCfg = Debug|Any CPU
		{C24CF193-0983-4917-A722-D6ACF8CD6527}.Debug|Any CPU.Build.0 = Debug|Any CPU
		{C24CF193-0983-4917-A722-D6ACF8CD6527}.Release|Any CPU.ActiveCfg = Release|Any CPU
		{C24CF193-0983-4917-A722-D6ACF8CD6527}.Release|Any CPU.Build.0 = Release|Any CPU
		{FB5A3F0C-586B-457C-8C1C-9B54D25E0214}.Debug|Any CPU.ActiveCfg = Debug|Any CPU
		{FB5A3F0C-586B-457C-8C1C-9B54D25E0214}.Debug|Any CPU.Build.0 = Debug|Any CPU
		{FB5A3F0C-586B-457C-8C1C-9B54D25E0214}.Release|Any CPU.ActiveCfg = Release|Any CPU
		{FB5A3F0C-586B-457C-8C1C-9B54D25E0214}.Release|Any CPU.Build.0 = Release|Any CPU
	EndGlobalSection
	GlobalSection(SolutionProperties) = preSolution
		HideSolutionNode = FALSE
	EndGlobalSection
	GlobalSection(ExtensibilityGlobals) = postSolution
		SolutionGuid = {C6B3C769-3859-422B-BEC5-4EFC3F116597}
	EndGlobalSection
EndGlobal
